
Microsoft Visual Studio Solution File, Format Version 12.00
# Visual Studio Version 16
VisualStudioVersion = 16.0.31624.102
MinimumVisualStudioVersion = 10.0.40219.1
Project("{8BC9CEB8-8B4A-11D0-8D11-00A0C91BC942}") = "1295_FindNumbersWithEvenNumberOfDigits", "1295_FindNumbersWithEvenNumberOfDigits.vcxproj", "{A81B1DDF-5941-46F4-949C-36EBC9D91A05}"
EndProject
Global
	GlobalSection(SolutionConfigurationPlatforms) = preSolution
		Debug|x64 = Debug|x64
		Debug|x86 = Debug|x86
		Release|x64 = Release|x64
		Release|x86 = Release|x86
	EndGlobalSection
	GlobalSection(ProjectConfigurationPlatforms) = postSolution
		{A81B1DDF-5941-46F4-949C-36EBC9D91A05}.Debug|x64.ActiveCfg = Debug|x64
		{A81B1DDF-5941-46F4-949C-36EBC9D91A05}.Debug|x64.Build.0 = Debug|x64
		{A81B1DDF-5941-46F4-949C-36EBC9D91A05}.Debug|x86.ActiveCfg = Debug|Win32
		{A81B1DDF-5941-46F4-949C-36EBC9D91A05}.Debug|x86.Build.0 = Debug|Win32
		{A81B1DDF-5941-46F4-949C-36EBC9D91A05}.Release|x64.ActiveCfg = Release|x64
		{A81B1DDF-5941-46F4-949C-36EBC9D91A05}.Release|x64.Build.0 = Release|x64
		{A81B1DDF-5941-46F4-949C-36EBC9D91A05}.Release|x86.ActiveCfg = Release|Win32
		{A81B1DDF-5941-46F4-949C-36EBC9D91A05}.Release|x86.Build.0 = Release|Win32
	EndGlobalSection
	GlobalSection(SolutionProperties) = preSolution
		HideSolutionNode = FALSE
	EndGlobalSection
	GlobalSection(ExtensibilityGlobals) = postSolution
		SolutionGuid = {D26FCA6F-2628-4C81-B6CF-ED9132A2CC6B}
	EndGlobalSection
EndGlobal
