
Microsoft Visual Studio Solution File, Format Version 12.00
# Visual Studio Version 16
VisualStudioVersion = 16.0.31624.102
MinimumVisualStudioVersion = 10.0.40219.1
Project("{8BC9CEB8-8B4A-11D0-8D11-00A0C91BC942}") = "217_ContainsDuplicate", "217_ContainsDuplicate.vcxproj", "{E026040F-C395-4348-837D-7A24C64CFE4B}"
EndProject
Global
	GlobalSection(SolutionConfigurationPlatforms) = preSolution
		Debug|x64 = Debug|x64
		Debug|x86 = Debug|x86
		Release|x64 = Release|x64
		Release|x86 = Release|x86
	EndGlobalSection
	GlobalSection(ProjectConfigurationPlatforms) = postSolution
		{E026040F-C395-4348-837D-7A24C64CFE4B}.Debug|x64.ActiveCfg = Debug|x64
		{E026040F-C395-4348-837D-7A24C64CFE4B}.Debug|x64.Build.0 = Debug|x64
		{E026040F-C395-4348-837D-7A24C64CFE4B}.Debug|x86.ActiveCfg = Debug|Win32
		{E026040F-C395-4348-837D-7A24C64CFE4B}.Debug|x86.Build.0 = Debug|Win32
		{E026040F-C395-4348-837D-7A24C64CFE4B}.Release|x64.ActiveCfg = Release|x64
		{E026040F-C395-4348-837D-7A24C64CFE4B}.Release|x64.Build.0 = Release|x64
		{E026040F-C395-4348-837D-7A24C64CFE4B}.Release|x86.ActiveCfg = Release|Win32
		{E026040F-C395-4348-837D-7A24C64CFE4B}.Release|x86.Build.0 = Release|Win32
	EndGlobalSection
	GlobalSection(SolutionProperties) = preSolution
		HideSolutionNode = FALSE
	EndGlobalSection
	GlobalSection(ExtensibilityGlobals) = postSolution
		SolutionGuid = {55AA78B1-62FE-4DEB-8528-84495111D0B4}
	EndGlobalSection
EndGlobal
