
Microsoft Visual Studio Solution File, Format Version 12.00
# Visual Studio Version 16
VisualStudioVersion = 16.0.31624.102
MinimumVisualStudioVersion = 10.0.40219.1
Project("{8BC9CEB8-8B4A-11D0-8D11-00A0C91BC942}") = "133_CloneGraph", "133_CloneGraph.vcxproj", "{0FF00FD4-66C8-4007-9F44-161CE16582C1}"
EndProject
Global
	GlobalSection(SolutionConfigurationPlatforms) = preSolution
		Debug|x64 = Debug|x64
		Debug|x86 = Debug|x86
		Release|x64 = Release|x64
		Release|x86 = Release|x86
	EndGlobalSection
	GlobalSection(ProjectConfigurationPlatforms) = postSolution
		{0FF00FD4-66C8-4007-9F44-161CE16582C1}.Debug|x64.ActiveCfg = Debug|x64
		{0FF00FD4-66C8-4007-9F44-161CE16582C1}.Debug|x64.Build.0 = Debug|x64
		{0FF00FD4-66C8-4007-9F44-161CE16582C1}.Debug|x86.ActiveCfg = Debug|Win32
		{0FF00FD4-66C8-4007-9F44-161CE16582C1}.Debug|x86.Build.0 = Debug|Win32
		{0FF00FD4-66C8-4007-9F44-161CE16582C1}.Release|x64.ActiveCfg = Release|x64
		{0FF00FD4-66C8-4007-9F44-161CE16582C1}.Release|x64.Build.0 = Release|x64
		{0FF00FD4-66C8-4007-9F44-161CE16582C1}.Release|x86.ActiveCfg = Release|Win32
		{0FF00FD4-66C8-4007-9F44-161CE16582C1}.Release|x86.Build.0 = Release|Win32
	EndGlobalSection
	GlobalSection(SolutionProperties) = preSolution
		HideSolutionNode = FALSE
	EndGlobalSection
	GlobalSection(ExtensibilityGlobals) = postSolution
		SolutionGuid = {BB4E344A-A0F5-4033-8465-0E53D5F37F37}
	EndGlobalSection
EndGlobal
