
Microsoft Visual Studio Solution File, Format Version 12.00
# Visual Studio Version 16
VisualStudioVersion = 16.0.31624.102
MinimumVisualStudioVersion = 10.0.40219.1
Project("{8BC9CEB8-8B4A-11D0-8D11-00A0C91BC942}") = "155_MinStack", "155_MinStack.vcxproj", "{82C8EA5E-A8D7-44F9-9E44-89D416724270}"
EndProject
Global
	GlobalSection(SolutionConfigurationPlatforms) = preSolution
		Debug|x64 = Debug|x64
		Debug|x86 = Debug|x86
		Release|x64 = Release|x64
		Release|x86 = Release|x86
	EndGlobalSection
	GlobalSection(ProjectConfigurationPlatforms) = postSolution
		{82C8EA5E-A8D7-44F9-9E44-89D416724270}.Debug|x64.ActiveCfg = Debug|x64
		{82C8EA5E-A8D7-44F9-9E44-89D416724270}.Debug|x64.Build.0 = Debug|x64
		{82C8EA5E-A8D7-44F9-9E44-89D416724270}.Debug|x86.ActiveCfg = Debug|Win32
		{82C8EA5E-A8D7-44F9-9E44-89D416724270}.Debug|x86.Build.0 = Debug|Win32
		{82C8EA5E-A8D7-44F9-9E44-89D416724270}.Release|x64.ActiveCfg = Release|x64
		{82C8EA5E-A8D7-44F9-9E44-89D416724270}.Release|x64.Build.0 = Release|x64
		{82C8EA5E-A8D7-44F9-9E44-89D416724270}.Release|x86.ActiveCfg = Release|Win32
		{82C8EA5E-A8D7-44F9-9E44-89D416724270}.Release|x86.Build.0 = Release|Win32
	EndGlobalSection
	GlobalSection(SolutionProperties) = preSolution
		HideSolutionNode = FALSE
	EndGlobalSection
	GlobalSection(ExtensibilityGlobals) = postSolution
		SolutionGuid = {1E0D650A-6A33-43CC-84F3-2B7DF28B5907}
	EndGlobalSection
EndGlobal
